
Microsoft Visual Studio Solution File, Format Version 12.00
# Visual Studio Version 16
VisualStudioVersion = 16.0.31624.102
MinimumVisualStudioVersion = 10.0.40219.1
Project("{9A19103F-16F7-4668-BE54-9A1E7A4F7556}") = "API", "API\API.csproj", "{3CF3C426-1F62-4682-8D91-BDBCDB8E45C3}"
EndProject
Project("{FAE04EC0-301F-11D3-BF4B-00C04F79EFBC}") = "Core", "Core\Core.csproj", "{4791B3C8-43A3-4CBA-A727-BD92737DDC45}"
EndProject
Project("{FAE04EC0-301F-11D3-BF4B-00C04F79EFBC}") = "Infrastructure", "Infrastructure\Infrastructure.csproj", "{A73C7783-2095-4AAB-9CF5-153C23592A4E}"
EndProject
Global
	GlobalSection(SolutionConfigurationPlatforms) = preSolution
		Debug|Any CPU = Debug|Any CPU
		Release|Any CPU = Release|Any CPU
	EndGlobalSection
	GlobalSection(ProjectConfigurationPlatforms) = postSolution
		{3CF3C426-1F62-4682-8D91-BDBCDB8E45C3}.Debug|Any CPU.ActiveCfg = Debug|Any CPU
		{3CF3C426-1F62-4682-8D91-BDBCDB8E45C3}.Debug|Any CPU.Build.0 = Debug|Any CPU
		{3CF3C426-1F62-4682-8D91-BDBCDB8E45C3}.Release|Any CPU.ActiveCfg = Release|Any CPU
		{3CF3C426-1F62-4682-8D91-BDBCDB8E45C3}.Release|Any CPU.Build.0 = Release|Any CPU
		{4791B3C8-43A3-4CBA-A727-BD92737DDC45}.Debug|Any CPU.ActiveCfg = Debug|Any CPU
		{4791B3C8-43A3-4CBA-A727-BD92737DDC45}.Debug|Any CPU.Build.0 = Debug|Any CPU
		{4791B3C8-43A3-4CBA-A727-BD92737DDC45}.Release|Any CPU.ActiveCfg = Release|Any CPU
		{4791B3C8-43A3-4CBA-A727-BD92737DDC45}.Release|Any CPU.Build.0 = Release|Any CPU
		{A73C7783-2095-4AAB-9CF5-153C23592A4E}.Debug|Any CPU.ActiveCfg = Debug|Any CPU
		{A73C7783-2095-4AAB-9CF5-153C23592A4E}.Debug|Any CPU.Build.0 = Debug|Any CPU
		{A73C7783-2095-4AAB-9CF5-153C23592A4E}.Release|Any CPU.ActiveCfg = Release|Any CPU
		{A73C7783-2095-4AAB-9CF5-153C23592A4E}.Release|Any CPU.Build.0 = Release|Any CPU
	EndGlobalSection
	GlobalSection(SolutionProperties) = preSolution
		HideSolutionNode = FALSE
	EndGlobalSection
	GlobalSection(ExtensibilityGlobals) = postSolution
		SolutionGuid = {560D6DE0-D2B4-40F9-8DEA-B7606E5CEDB2}
	EndGlobalSection
EndGlobal
